
Microsoft Visual Studio Solution File, Format Version 12.00
# Visual Studio Version 17
VisualStudioVersion = 17.8.34330.188
MinimumVisualStudioVersion = 10.0.40219.1
Project("{FAE04EC0-301F-11D3-BF4B-00C04F79EFBC}") = "Construtor_Classe", "Construtor_Classe\Construtor_Classe.csproj", "{92C88C85-4179-4A74-935A-3B1DD24710D6}"
EndProject
Global
	GlobalSection(SolutionConfigurationPlatforms) = preSolution
		Debug|Any CPU = Debug|Any CPU
		Release|Any CPU = Release|Any CPU
	EndGlobalSection
	GlobalSection(ProjectConfigurationPlatforms) = postSolution
		{92C88C85-4179-4A74-935A-3B1DD24710D6}.Debug|Any CPU.ActiveCfg = Debug|Any CPU
		{92C88C85-4179-4A74-935A-3B1DD24710D6}.Debug|Any CPU.Build.0 = Debug|Any CPU
		{92C88C85-4179-4A74-935A-3B1DD24710D6}.Release|Any CPU.ActiveCfg = Release|Any CPU
		{92C88C85-4179-4A74-935A-3B1DD24710D6}.Release|Any CPU.Build.0 = Release|Any CPU
	EndGlobalSection
	GlobalSection(SolutionProperties) = preSolution
		HideSolutionNode = FALSE
	EndGlobalSection
	GlobalSection(ExtensibilityGlobals) = postSolution
		SolutionGuid = {731D39F0-6666-4E3F-8A76-7255C7C94016}
	EndGlobalSection
EndGlobal
